
Microsoft Visual Studio Solution File, Format Version 12.00
# Visual Studio Version 17
VisualStudioVersion = 17.13.35825.156 d17.13
MinimumVisualStudioVersion = 10.0.40219.1
Project("{FAE04EC0-301F-11D3-BF4B-00C04F79EFBC}") = "Archiver", "Archiver\Archiver.csproj", "{8B2B655B-AE52-43B7-A546-288285C58CD4}"
EndProject
Global
	GlobalSection(SolutionConfigurationPlatforms) = preSolution
		Debug|Any CPU = Debug|Any CPU
		Release|Any CPU = Release|Any CPU
	EndGlobalSection
	GlobalSection(ProjectConfigurationPlatforms) = postSolution
		{8B2B655B-AE52-43B7-A546-288285C58CD4}.Debug|Any CPU.ActiveCfg = Debug|Any CPU
		{8B2B655B-AE52-43B7-A546-288285C58CD4}.Debug|Any CPU.Build.0 = Debug|Any CPU
		{8B2B655B-AE52-43B7-A546-288285C58CD4}.Release|Any CPU.ActiveCfg = Release|Any CPU
		{8B2B655B-AE52-43B7-A546-288285C58CD4}.Release|Any CPU.Build.0 = Release|Any CPU
	EndGlobalSection
	GlobalSection(SolutionProperties) = preSolution
		HideSolutionNode = FALSE
	EndGlobalSection
	GlobalSection(ExtensibilityGlobals) = postSolution
		SolutionGuid = {4FC745C4-8E4F-43C7-9246-9DFED9672695}
	EndGlobalSection
EndGlobal
